// !$*UTF8*$!
{
	archiveVersion = 1;
	classes = {
	};
	objectVersion = 42;
	objects = {

/* Begin PBXAggregateTarget section */
		B81AF9E7143A1BBA0014A77A /* All Tools */ = {
			isa = PBXAggregateTarget;
			buildConfigurationList = B81AFA59143A1BFD0014A77A /* Build configuration list for PBXAggregateTarget "All Tools" */;
			buildPhases = (
			);
			dependencies = (
				B8DA2E3C1694949C00FADAD9 /* PBXTargetDependency */,
				B8DA2E3A1694949C00FADAD9 /* PBXTargetDependency */,
				B8DA2E381694949C00FADAD9 /* PBXTargetDependency */,
			);
			name = "All Tools";
			productName = "All Correction Tools";
		};
/* End PBXAggregateTarget section */

/* Begin PBXBuildFile section */
		B828027415AAFD1D00D2B4F0 /* HIRT_Buffer_Access.cpp in Sources */ = {isa = PBXBuildFile; fileRef = B82801D215AAF97000D2B4F0 /* HIRT_Buffer_Access.cpp */; };
		B890395213CEFB4C0090602F /* ibuffer_access.cpp in Sources */ = {isa = PBXBuildFile; fileRef = B89EF5DA10EB78D100D86409 /* ibuffer_access.cpp */; };
		B8C5430C15BDFC600061DF6C /* irmix~.cpp in Sources */ = {isa = PBXBuildFile; fileRef = B8C5430B15BDFC600061DF6C /* irmix~.cpp */; };
		B8C5434815BDFDA50061DF6C /* ibuffer_access.cpp in Sources */ = {isa = PBXBuildFile; fileRef = B89EF5DA10EB78D100D86409 /* ibuffer_access.cpp */; };
		B8C5434915BDFDA50061DF6C /* HIRT_Buffer_Access.cpp in Sources */ = {isa = PBXBuildFile; fileRef = B82801D215AAF97000D2B4F0 /* HIRT_Buffer_Access.cpp */; };
		B8C5437815BDFDED0061DF6C /* irdisplay~.cpp in Sources */ = {isa = PBXBuildFile; fileRef = B8C5437715BDFDED0061DF6C /* irdisplay~.cpp */; };
		B8C5439615BE00540061DF6C /* ibuffer_access.cpp in Sources */ = {isa = PBXBuildFile; fileRef = B89EF5DA10EB78D100D86409 /* ibuffer_access.cpp */; };
		B8C5439715BE00540061DF6C /* HIRT_Buffer_Access.cpp in Sources */ = {isa = PBXBuildFile; fileRef = B82801D215AAF97000D2B4F0 /* HIRT_Buffer_Access.cpp */; };
		B8C543A615BE00850061DF6C /* ircropfade~.cpp in Sources */ = {isa = PBXBuildFile; fileRef = B8C543A515BE00850061DF6C /* ircropfade~.cpp */; };
/* End PBXBuildFile section */

/* Begin PBXContainerItemProxy section */
		B8DA2E371694949C00FADAD9 /* PBXContainerItemProxy */ = {
			isa = PBXContainerItemProxy;
			containerPortal = 089C1669FE841209C02AAC07 /* Project object */;
			proxyType = 1;
			remoteGlobalIDString = B890394C13CEFB4C0090602F;
			remoteInfo = "irmix~";
		};
		B8DA2E391694949C00FADAD9 /* PBXContainerItemProxy */ = {
			isa = PBXContainerItemProxy;
			containerPortal = 089C1669FE841209C02AAC07 /* Project object */;
			proxyType = 1;
			remoteGlobalIDString = B8C5434215BDFDA50061DF6C;
			remoteInfo = "irdisplay~";
		};
		B8DA2E3B1694949C00FADAD9 /* PBXContainerItemProxy */ = {
			isa = PBXContainerItemProxy;
			containerPortal = 089C1669FE841209C02AAC07 /* Project object */;
			proxyType = 1;
			remoteGlobalIDString = B8C5439015BE00540061DF6C;
			remoteInfo = "ircropfade~";
		};
/* End PBXContainerItemProxy section */

/* Begin PBXFileReference section */
		B827F6BD26C31E9400C46575 /* HIRT_Memory.hpp */ = {isa = PBXFileReference; lastKnownFileType = sourcecode.cpp.h; name = HIRT_Memory.hpp; path = M4L_Conv_Rev_Ext_Common/HIRT_Memory.hpp; sourceTree = "<group>"; };
		B82801D115AAF97000D2B4F0 /* HIRT_Buffer_Access.hpp */ = {isa = PBXFileReference; fileEncoding = 4; lastKnownFileType = sourcecode.cpp.h; name = HIRT_Buffer_Access.hpp; path = M4L_Conv_Rev_Ext_Common/HIRT_Buffer_Access.hpp; sourceTree = "<group>"; };
		B82801D215AAF97000D2B4F0 /* HIRT_Buffer_Access.cpp */ = {isa = PBXFileReference; fileEncoding = 4; lastKnownFileType = sourcecode.cpp.cpp; name = HIRT_Buffer_Access.cpp; path = M4L_Conv_Rev_Ext_Common/HIRT_Buffer_Access.cpp; sourceTree = "<group>"; };
		B8782D2621E4E699009A13F6 /* Info.plist */ = {isa = PBXFileReference; lastKnownFileType = text.plist.xml; path = Info.plist; sourceTree = "<group>"; };
		B890395F13CEFB4C0090602F /* irmix~.mxo */ = {isa = PBXFileReference; explicitFileType = wrapper.cfbundle; includeInIndex = 0; path = "irmix~.mxo"; sourceTree = BUILT_PRODUCTS_DIR; };
		B89EF5DA10EB78D100D86409 /* ibuffer_access.cpp */ = {isa = PBXFileReference; fileEncoding = 4; lastKnownFileType = sourcecode.cpp.cpp; path = ibuffer_access.cpp; sourceTree = "<group>"; };
		B8A7F2A626B5569900BE0A89 /* MaxBuffer.h */ = {isa = PBXFileReference; lastKnownFileType = sourcecode.c.h; path = MaxBuffer.h; sourceTree = "<group>"; };
		B8A7F2A726B5569900BE0A89 /* SIMDSupport.hpp */ = {isa = PBXFileReference; lastKnownFileType = sourcecode.cpp.h; path = SIMDSupport.hpp; sourceTree = "<group>"; };
		B8A7F2A826B5569900BE0A89 /* Interpolation.hpp */ = {isa = PBXFileReference; lastKnownFileType = sourcecode.cpp.h; path = Interpolation.hpp; sourceTree = "<group>"; };
		B8A7F2A926B5569900BE0A89 /* TableReader.hpp */ = {isa = PBXFileReference; lastKnownFileType = sourcecode.cpp.h; path = TableReader.hpp; sourceTree = "<group>"; };
		B8AE38EA1699041D000E00C2 /* ibuffer.hpp */ = {isa = PBXFileReference; fileEncoding = 4; lastKnownFileType = sourcecode.cpp.h; path = ibuffer.hpp; sourceTree = "<group>"; };
		B8AE38EC1699041D000E00C2 /* ibuffer_access.hpp */ = {isa = PBXFileReference; fileEncoding = 4; lastKnownFileType = sourcecode.cpp.h; path = ibuffer_access.hpp; sourceTree = "<group>"; };
		B8C5430B15BDFC600061DF6C /* irmix~.cpp */ = {isa = PBXFileReference; fileEncoding = 4; lastKnownFileType = sourcecode.cpp.cpp; name = "irmix~.cpp"; path = "M4L_Conv_Rev_Ext_Objects/irmix~.cpp"; sourceTree = "<group>"; };
		B8C5435515BDFDA50061DF6C /* irdisplay~.mxo */ = {isa = PBXFileReference; explicitFileType = wrapper.cfbundle; includeInIndex = 0; path = "irdisplay~.mxo"; sourceTree = BUILT_PRODUCTS_DIR; };
		B8C5437715BDFDED0061DF6C /* irdisplay~.cpp */ = {isa = PBXFileReference; fileEncoding = 4; lastKnownFileType = sourcecode.cpp.cpp; name = "irdisplay~.cpp"; path = "M4L_Conv_Rev_Ext_Objects/irdisplay~.cpp"; sourceTree = "<group>"; };
		B8C543A315BE00540061DF6C /* ircropfade~.mxo */ = {isa = PBXFileReference; explicitFileType = wrapper.cfbundle; includeInIndex = 0; path = "ircropfade~.mxo"; sourceTree = BUILT_PRODUCTS_DIR; };
		B8C543A515BE00850061DF6C /* ircropfade~.cpp */ = {isa = PBXFileReference; fileEncoding = 4; lastKnownFileType = sourcecode.cpp.cpp; name = "ircropfade~.cpp"; path = "M4L_Conv_Rev_Ext_Objects/ircropfade~.cpp"; sourceTree = "<group>"; };
		B8DA2E73169495A300FADAD9 /* Config_M4LCRE_Mac.xcconfig */ = {isa = PBXFileReference; fileEncoding = 4; lastKnownFileType = text.xcconfig; path = Config_M4LCRE_Mac.xcconfig; sourceTree = "<group>"; };
/* End PBXFileReference section */

/* Begin PBXFrameworksBuildPhase section */
		B890395513CEFB4C0090602F /* Frameworks */ = {
			isa = PBXFrameworksBuildPhase;
			buildActionMask = 2147483647;
			files = (
			);
			runOnlyForDeploymentPostprocessing = 0;
		};
		B8C5434B15BDFDA50061DF6C /* Frameworks */ = {
			isa = PBXFrameworksBuildPhase;
			buildActionMask = 2147483647;
			files = (
			);
			runOnlyForDeploymentPostprocessing = 0;
		};
		B8C5439915BE00540061DF6C /* Frameworks */ = {
			isa = PBXFrameworksBuildPhase;
			buildActionMask = 2147483647;
			files = (
			);
			runOnlyForDeploymentPostprocessing = 0;
		};
/* End PBXFrameworksBuildPhase section */

/* Begin PBXGroup section */
		089C166AFE841209C02AAC07 /* plus~ */ = {
			isa = PBXGroup;
			children = (
				B8DA2E73169495A300FADAD9 /* Config_M4LCRE_Mac.xcconfig */,
				B8782D2621E4E699009A13F6 /* Info.plist */,
				08FB77ADFE841716C02AAC07 /* Source */,
				19C28FB4FE9D528D11CA2CBB /* Products */,
			);
			name = "plus~";
			sourceTree = "<group>";
		};
		08FB77ADFE841716C02AAC07 /* Source */ = {
			isa = PBXGroup;
			children = (
				B8AE38E31699041D000E00C2 /* M4L Conv Rev Ext Dependencies */,
				B8AE38EF1699043B000E00C2 /* M4L Conv Rev Ext Common */,
				B8AE38F016990463000E00C2 /* M4L Conv Rev Ext Objects */,
			);
			name = Source;
			sourceTree = "<group>";
		};
		19C28FB4FE9D528D11CA2CBB /* Products */ = {
			isa = PBXGroup;
			children = (
				B890395F13CEFB4C0090602F /* irmix~.mxo */,
				B8C5435515BDFDA50061DF6C /* irdisplay~.mxo */,
				B8C543A315BE00540061DF6C /* ircropfade~.mxo */,
			);
			name = Products;
			sourceTree = "<group>";
		};
		B8AE38E31699041D000E00C2 /* M4L Conv Rev Ext Dependencies */ = {
			isa = PBXGroup;
			children = (
				B8AE38EA1699041D000E00C2 /* ibuffer.hpp */,
				B89EF5DA10EB78D100D86409 /* ibuffer_access.cpp */,
				B8AE38EC1699041D000E00C2 /* ibuffer_access.hpp */,
				B8A7F2A826B5569900BE0A89 /* Interpolation.hpp */,
				B8A7F2A626B5569900BE0A89 /* MaxBuffer.h */,
				B8A7F2A726B5569900BE0A89 /* SIMDSupport.hpp */,
				B8A7F2A926B5569900BE0A89 /* TableReader.hpp */,
			);
			name = "M4L Conv Rev Ext Dependencies";
			path = M4L_Conv_Rev_Ext_Dependencies;
			sourceTree = "<group>";
		};
		B8AE38EF1699043B000E00C2 /* M4L Conv Rev Ext Common */ = {
			isa = PBXGroup;
			children = (
				B827F6BD26C31E9400C46575 /* HIRT_Memory.hpp */,
				B82801D115AAF97000D2B4F0 /* HIRT_Buffer_Access.hpp */,
				B82801D215AAF97000D2B4F0 /* HIRT_Buffer_Access.cpp */,
			);
			name = "M4L Conv Rev Ext Common";
			sourceTree = "<group>";
		};
		B8AE38F016990463000E00C2 /* M4L Conv Rev Ext Objects */ = {
			isa = PBXGroup;
			children = (
				B8C543A515BE00850061DF6C /* ircropfade~.cpp */,
				B8C5437715BDFDED0061DF6C /* irdisplay~.cpp */,
				B8C5430B15BDFC600061DF6C /* irmix~.cpp */,
			);
			name = "M4L Conv Rev Ext Objects";
			sourceTree = "<group>";
		};
/* End PBXGroup section */

/* Begin PBXHeadersBuildPhase section */
		B890394D13CEFB4C0090602F /* Headers */ = {
			isa = PBXHeadersBuildPhase;
			buildActionMask = 2147483647;
			files = (
			);
			runOnlyForDeploymentPostprocessing = 0;
		};
		B8C5434315BDFDA50061DF6C /* Headers */ = {
			isa = PBXHeadersBuildPhase;
			buildActionMask = 2147483647;
			files = (
			);
			runOnlyForDeploymentPostprocessing = 0;
		};
		B8C5439115BE00540061DF6C /* Headers */ = {
			isa = PBXHeadersBuildPhase;
			buildActionMask = 2147483647;
			files = (
			);
			runOnlyForDeploymentPostprocessing = 0;
		};
/* End PBXHeadersBuildPhase section */

/* Begin PBXNativeTarget section */
		B890394C13CEFB4C0090602F /* irmix~ */ = {
			isa = PBXNativeTarget;
			buildConfigurationList = B890395B13CEFB4C0090602F /* Build configuration list for PBXNativeTarget "irmix~" */;
			buildPhases = (
				B890394D13CEFB4C0090602F /* Headers */,
				B890394F13CEFB4C0090602F /* Resources */,
				B890395013CEFB4C0090602F /* Sources */,
				B890395513CEFB4C0090602F /* Frameworks */,
				B890395A13CEFB4C0090602F /* Rez */,
			);
			buildRules = (
			);
			dependencies = (
			);
			name = "irmix~";
			productInstallPath = "$(HOME)/Library/Bundles";
			productName = MSPExternal;
			productReference = B890395F13CEFB4C0090602F /* irmix~.mxo */;
			productType = "com.apple.product-type.bundle";
		};
		B8C5434215BDFDA50061DF6C /* irdisplay~ */ = {
			isa = PBXNativeTarget;
			buildConfigurationList = B8C5435115BDFDA50061DF6C /* Build configuration list for PBXNativeTarget "irdisplay~" */;
			buildPhases = (
				B8C5434315BDFDA50061DF6C /* Headers */,
				B8C5434615BDFDA50061DF6C /* Resources */,
				B8C5434715BDFDA50061DF6C /* Sources */,
				B8C5434B15BDFDA50061DF6C /* Frameworks */,
				B8C5435015BDFDA50061DF6C /* Rez */,
			);
			buildRules = (
			);
			dependencies = (
			);
			name = "irdisplay~";
			productInstallPath = "$(HOME)/Library/Bundles";
			productName = MSPExternal;
			productReference = B8C5435515BDFDA50061DF6C /* irdisplay~.mxo */;
			productType = "com.apple.product-type.bundle";
		};
		B8C5439015BE00540061DF6C /* ircropfade~ */ = {
			isa = PBXNativeTarget;
			buildConfigurationList = B8C5439F15BE00540061DF6C /* Build configuration list for PBXNativeTarget "ircropfade~" */;
			buildPhases = (
				B8C5439115BE00540061DF6C /* Headers */,
				B8C5439415BE00540061DF6C /* Resources */,
				B8C5439515BE00540061DF6C /* Sources */,
				B8C5439915BE00540061DF6C /* Frameworks */,
				B8C5439E15BE00540061DF6C /* Rez */,
			);
			buildRules = (
			);
			dependencies = (
			);
			name = "ircropfade~";
			productInstallPath = "$(HOME)/Library/Bundles";
			productName = MSPExternal;
			productReference = B8C543A315BE00540061DF6C /* ircropfade~.mxo */;
			productType = "com.apple.product-type.bundle";
		};
/* End PBXNativeTarget section */

/* Begin PBXProject section */
		089C1669FE841209C02AAC07 /* Project object */ = {
			isa = PBXProject;
			attributes = {
			};
			buildConfigurationList = 0FFBC544097463A900D78707 /* Build configuration list for PBXProject "M4L_Convolution_Reverb_Externals" */;
			compatibilityVersion = "Xcode 2.4";
			developmentRegion = English;
			hasScannedForEncodings = 1;
			knownRegions = (
				English,
				Japanese,
				French,
				German,
			);
			mainGroup = 089C166AFE841209C02AAC07 /* plus~ */;
			projectDirPath = "";
			projectRoot = "";
			targets = (
				B8C5439015BE00540061DF6C /* ircropfade~ */,
				B8C5434215BDFDA50061DF6C /* irdisplay~ */,
				B890394C13CEFB4C0090602F /* irmix~ */,
				B81AF9E7143A1BBA0014A77A /* All Tools */,
			);
		};
/* End PBXProject section */

/* Begin PBXResourcesBuildPhase section */
		B890394F13CEFB4C0090602F /* Resources */ = {
			isa = PBXResourcesBuildPhase;
			buildActionMask = 2147483647;
			files = (
			);
			runOnlyForDeploymentPostprocessing = 0;
		};
		B8C5434615BDFDA50061DF6C /* Resources */ = {
			isa = PBXResourcesBuildPhase;
			buildActionMask = 2147483647;
			files = (
			);
			runOnlyForDeploymentPostprocessing = 0;
		};
		B8C5439415BE00540061DF6C /* Resources */ = {
			isa = PBXResourcesBuildPhase;
			buildActionMask = 2147483647;
			files = (
			);
			runOnlyForDeploymentPostprocessing = 0;
		};
/* End PBXResourcesBuildPhase section */

/* Begin PBXRezBuildPhase section */
		B890395A13CEFB4C0090602F /* Rez */ = {
			isa = PBXRezBuildPhase;
			buildActionMask = 2147483647;
			files = (
			);
			runOnlyForDeploymentPostprocessing = 0;
		};
		B8C5435015BDFDA50061DF6C /* Rez */ = {
			isa = PBXRezBuildPhase;
			buildActionMask = 2147483647;
			files = (
			);
			runOnlyForDeploymentPostprocessing = 0;
		};
		B8C5439E15BE00540061DF6C /* Rez */ = {
			isa = PBXRezBuildPhase;
			buildActionMask = 2147483647;
			files = (
			);
			runOnlyForDeploymentPostprocessing = 0;
		};
/* End PBXRezBuildPhase section */

/* Begin PBXSourcesBuildPhase section */
		B890395013CEFB4C0090602F /* Sources */ = {
			isa = PBXSourcesBuildPhase;
			buildActionMask = 2147483647;
			files = (
				B890395213CEFB4C0090602F /* ibuffer_access.cpp in Sources */,
				B828027415AAFD1D00D2B4F0 /* HIRT_Buffer_Access.cpp in Sources */,
				B8C5430C15BDFC600061DF6C /* irmix~.cpp in Sources */,
			);
			runOnlyForDeploymentPostprocessing = 0;
		};
		B8C5434715BDFDA50061DF6C /* Sources */ = {
			isa = PBXSourcesBuildPhase;
			buildActionMask = 2147483647;
			files = (
				B8C5434815BDFDA50061DF6C /* ibuffer_access.cpp in Sources */,
				B8C5434915BDFDA50061DF6C /* HIRT_Buffer_Access.cpp in Sources */,
				B8C5437815BDFDED0061DF6C /* irdisplay~.cpp in Sources */,
			);
			runOnlyForDeploymentPostprocessing = 0;
		};
		B8C5439515BE00540061DF6C /* Sources */ = {
			isa = PBXSourcesBuildPhase;
			buildActionMask = 2147483647;
			files = (
				B8C5439615BE00540061DF6C /* ibuffer_access.cpp in Sources */,
				B8C5439715BE00540061DF6C /* HIRT_Buffer_Access.cpp in Sources */,
				B8C543A615BE00850061DF6C /* ircropfade~.cpp in Sources */,
			);
			runOnlyForDeploymentPostprocessing = 0;
		};
/* End PBXSourcesBuildPhase section */

/* Begin PBXTargetDependency section */
		B8DA2E381694949C00FADAD9 /* PBXTargetDependency */ = {
			isa = PBXTargetDependency;
			target = B890394C13CEFB4C0090602F /* irmix~ */;
			targetProxy = B8DA2E371694949C00FADAD9 /* PBXContainerItemProxy */;
		};
		B8DA2E3A1694949C00FADAD9 /* PBXTargetDependency */ = {
			isa = PBXTargetDependency;
			target = B8C5434215BDFDA50061DF6C /* irdisplay~ */;
			targetProxy = B8DA2E391694949C00FADAD9 /* PBXContainerItemProxy */;
		};
		B8DA2E3C1694949C00FADAD9 /* PBXTargetDependency */ = {
			isa = PBXTargetDependency;
			target = B8C5439015BE00540061DF6C /* ircropfade~ */;
			targetProxy = B8DA2E3B1694949C00FADAD9 /* PBXContainerItemProxy */;
		};
/* End PBXTargetDependency section */

/* Begin XCBuildConfiguration section */
		0FFBC545097463A900D78707 /* Development */ = {
			isa = XCBuildConfiguration;
			buildSettings = {
				GCC_ALTIVEC_EXTENSIONS = YES;
			};
			name = Development;
		};
		0FFBC546097463A900D78707 /* Deployment */ = {
			isa = XCBuildConfiguration;
			buildSettings = {
				GCC_ALTIVEC_EXTENSIONS = YES;
			};
			name = Deployment;
		};
		0FFBC547097463A900D78707 /* Default */ = {
			isa = XCBuildConfiguration;
			buildSettings = {
				GCC_ALTIVEC_EXTENSIONS = YES;
			};
			name = Default;
		};
		B81AF9E8143A1BBB0014A77A /* Development */ = {
			isa = XCBuildConfiguration;
			buildSettings = {
				COPY_PHASE_STRIP = NO;
				GCC_DYNAMIC_NO_PIC = NO;
				GCC_OPTIMIZATION_LEVEL = 0;
				PRODUCT_NAME = "All Correction Tools";
			};
			name = Development;
		};
		B81AF9E9143A1BBB0014A77A /* Deployment */ = {
			isa = XCBuildConfiguration;
			buildSettings = {
				COPY_PHASE_STRIP = YES;
				DEBUG_INFORMATION_FORMAT = "dwarf-with-dsym";
				GCC_ENABLE_FIX_AND_CONTINUE = NO;
				PRODUCT_NAME = "All Correction Tools";
				ZERO_LINK = NO;
			};
			name = Deployment;
		};
		B81AF9EA143A1BBB0014A77A /* Default */ = {
			isa = XCBuildConfiguration;
			buildSettings = {
				PRODUCT_NAME = "All Correction Tools";
			};
			name = Default;
		};
		B890395C13CEFB4C0090602F /* Development */ = {
			isa = XCBuildConfiguration;
			baseConfigurationReference = B8DA2E73169495A300FADAD9 /* Config_M4LCRE_Mac.xcconfig */;
			buildSettings = {
				COPY_PHASE_STRIP = NO;
				GCC_ALTIVEC_EXTENSIONS = YES;
				GCC_DYNAMIC_NO_PIC = NO;
				GCC_ENABLE_FIX_AND_CONTINUE = YES;
				GCC_GENERATE_DEBUGGING_SYMBOLS = YES;
				GCC_OPTIMIZATION_LEVEL = 0;
				GCC_PRECOMPILE_PREFIX_HEADER = YES;
			};
			name = Development;
		};
		B890395D13CEFB4C0090602F /* Deployment */ = {
			isa = XCBuildConfiguration;
			baseConfigurationReference = B8DA2E73169495A300FADAD9 /* Config_M4LCRE_Mac.xcconfig */;
			buildSettings = {
				GCC_ALTIVEC_EXTENSIONS = YES;
				GCC_ENABLE_FIX_AND_CONTINUE = NO;
				GCC_GENERATE_DEBUGGING_SYMBOLS = NO;
				GCC_OPTIMIZATION_LEVEL = s;
				GCC_PRECOMPILE_PREFIX_HEADER = YES;
			};
			name = Deployment;
		};
		B890395E13CEFB4C0090602F /* Default */ = {
			isa = XCBuildConfiguration;
			baseConfigurationReference = B8DA2E73169495A300FADAD9 /* Config_M4LCRE_Mac.xcconfig */;
			buildSettings = {
				GCC_ALTIVEC_EXTENSIONS = YES;
				GCC_GENERATE_DEBUGGING_SYMBOLS = NO;
				GCC_PRECOMPILE_PREFIX_HEADER = YES;
			};
			name = Default;
		};
		B8C5435215BDFDA50061DF6C /* Development */ = {
			isa = XCBuildConfiguration;
			baseConfigurationReference = B8DA2E73169495A300FADAD9 /* Config_M4LCRE_Mac.xcconfig */;
			buildSettings = {
				COPY_PHASE_STRIP = NO;
				GCC_ALTIVEC_EXTENSIONS = YES;
				GCC_DYNAMIC_NO_PIC = NO;
				GCC_ENABLE_FIX_AND_CONTINUE = YES;
				GCC_GENERATE_DEBUGGING_SYMBOLS = YES;
				GCC_OPTIMIZATION_LEVEL = 0;
				GCC_PRECOMPILE_PREFIX_HEADER = YES;
			};
			name = Development;
		};
		B8C5435315BDFDA50061DF6C /* Deployment */ = {
			isa = XCBuildConfiguration;
			baseConfigurationReference = B8DA2E73169495A300FADAD9 /* Config_M4LCRE_Mac.xcconfig */;
			buildSettings = {
				GCC_ALTIVEC_EXTENSIONS = YES;
				GCC_ENABLE_FIX_AND_CONTINUE = NO;
				GCC_GENERATE_DEBUGGING_SYMBOLS = NO;
				GCC_OPTIMIZATION_LEVEL = s;
				GCC_PRECOMPILE_PREFIX_HEADER = YES;
			};
			name = Deployment;
		};
		B8C5435415BDFDA50061DF6C /* Default */ = {
			isa = XCBuildConfiguration;
			baseConfigurationReference = B8DA2E73169495A300FADAD9 /* Config_M4LCRE_Mac.xcconfig */;
			buildSettings = {
				GCC_ALTIVEC_EXTENSIONS = YES;
				GCC_GENERATE_DEBUGGING_SYMBOLS = NO;
				GCC_PRECOMPILE_PREFIX_HEADER = YES;
			};
			name = Default;
		};
		B8C543A015BE00540061DF6C /* Development */ = {
			isa = XCBuildConfiguration;
			baseConfigurationReference = B8DA2E73169495A300FADAD9 /* Config_M4LCRE_Mac.xcconfig */;
			buildSettings = {
				COPY_PHASE_STRIP = NO;
				GCC_ALTIVEC_EXTENSIONS = YES;
				GCC_DYNAMIC_NO_PIC = NO;
				GCC_ENABLE_FIX_AND_CONTINUE = YES;
				GCC_GENERATE_DEBUGGING_SYMBOLS = YES;
				GCC_OPTIMIZATION_LEVEL = 0;
				GCC_PRECOMPILE_PREFIX_HEADER = YES;
			};
			name = Development;
		};
		B8C543A115BE00540061DF6C /* Deployment */ = {
			isa = XCBuildConfiguration;
			baseConfigurationReference = B8DA2E73169495A300FADAD9 /* Config_M4LCRE_Mac.xcconfig */;
			buildSettings = {
				GCC_ALTIVEC_EXTENSIONS = YES;
				GCC_ENABLE_FIX_AND_CONTINUE = NO;
				GCC_GENERATE_DEBUGGING_SYMBOLS = NO;
				GCC_OPTIMIZATION_LEVEL = s;
				GCC_PRECOMPILE_PREFIX_HEADER = YES;
			};
			name = Deployment;
		};
		B8C543A215BE00540061DF6C /* Default */ = {
			isa = XCBuildConfiguration;
			baseConfigurationReference = B8DA2E73169495A300FADAD9 /* Config_M4LCRE_Mac.xcconfig */;
			buildSettings = {
				GCC_ALTIVEC_EXTENSIONS = YES;
				GCC_GENERATE_DEBUGGING_SYMBOLS = NO;
				GCC_PRECOMPILE_PREFIX_HEADER = YES;
			};
			name = Default;
		};
/* End XCBuildConfiguration section */

/* Begin XCConfigurationList section */
		0FFBC544097463A900D78707 /* Build configuration list for PBXProject "M4L_Convolution_Reverb_Externals" */ = {
			isa = XCConfigurationList;
			buildConfigurations = (
				0FFBC545097463A900D78707 /* Development */,
				0FFBC546097463A900D78707 /* Deployment */,
				0FFBC547097463A900D78707 /* Default */,
			);
			defaultConfigurationIsVisible = 0;
			defaultConfigurationName = Default;
		};
		B81AFA59143A1BFD0014A77A /* Build configuration list for PBXAggregateTarget "All Tools" */ = {
			isa = XCConfigurationList;
			buildConfigurations = (
				B81AF9E8143A1BBB0014A77A /* Development */,
				B81AF9E9143A1BBB0014A77A /* Deployment */,
				B81AF9EA143A1BBB0014A77A /* Default */,
			);
			defaultConfigurationIsVisible = 0;
			defaultConfigurationName = Default;
		};
		B890395B13CEFB4C0090602F /* Build configuration list for PBXNativeTarget "irmix~" */ = {
			isa = XCConfigurationList;
			buildConfigurations = (
				B890395C13CEFB4C0090602F /* Development */,
				B890395D13CEFB4C0090602F /* Deployment */,
				B890395E13CEFB4C0090602F /* Default */,
			);
			defaultConfigurationIsVisible = 0;
			defaultConfigurationName = Default;
		};
		B8C5435115BDFDA50061DF6C /* Build configuration list for PBXNativeTarget "irdisplay~" */ = {
			isa = XCConfigurationList;
			buildConfigurations = (
				B8C5435215BDFDA50061DF6C /* Development */,
				B8C5435315BDFDA50061DF6C /* Deployment */,
				B8C5435415BDFDA50061DF6C /* Default */,
			);
			defaultConfigurationIsVisible = 0;
			defaultConfigurationName = Default;
		};
		B8C5439F15BE00540061DF6C /* Build configuration list for PBXNativeTarget "ircropfade~" */ = {
			isa = XCConfigurationList;
			buildConfigurations = (
				B8C543A015BE00540061DF6C /* Development */,
				B8C543A115BE00540061DF6C /* Deployment */,
				B8C543A215BE00540061DF6C /* Default */,
			);
			defaultConfigurationIsVisible = 0;
			defaultConfigurationName = Default;
		};
/* End XCConfigurationList section */
	};
	rootObject = 089C1669FE841209C02AAC07 /* Project object */;
}
